
Microsoft Visual Studio Solution File, Format Version 12.00
# Visual Studio 15
VisualStudioVersion = 15.0.28307.1169
MinimumVisualStudioVersion = 10.0.40219.1
Project("{FAE04EC0-301F-11D3-BF4B-00C04F79EFBC}") = "file-manager-app", "file-manager-app\file-manager-app.csproj", "{907F697F-27B7-48CF-AB53-366B1AB2A4B0}"
EndProject
Global
	GlobalSection(SolutionConfigurationPlatforms) = preSolution
		Debug|Any CPU = Debug|Any CPU
		Release|Any CPU = Release|Any CPU
	EndGlobalSection
	GlobalSection(ProjectConfigurationPlatforms) = postSolution
		{907F697F-27B7-48CF-AB53-366B1AB2A4B0}.Debug|Any CPU.ActiveCfg = Debug|Any CPU
		{907F697F-27B7-48CF-AB53-366B1AB2A4B0}.Debug|Any CPU.Build.0 = Debug|Any CPU
		{907F697F-27B7-48CF-AB53-366B1AB2A4B0}.Release|Any CPU.ActiveCfg = Release|Any CPU
		{907F697F-27B7-48CF-AB53-366B1AB2A4B0}.Release|Any CPU.Build.0 = Release|Any CPU
	EndGlobalSection
	GlobalSection(SolutionProperties) = preSolution
		HideSolutionNode = FALSE
	EndGlobalSection
	GlobalSection(ExtensibilityGlobals) = postSolution
		SolutionGuid = {45CB7E9A-378E-49B6-9283-22B30C0D41F7}
	EndGlobalSection
EndGlobal
